{
  "requires": true,
  "lockfileVersion": 1,
  "dependencies": {
    "gatsby-plugin-matomo": {
      "version": "0.7.2",
      "resolved": "https://registry.npmjs.org/gatsby-plugin-matomo/-/gatsby-plugin-matomo-0.7.2.tgz",
      "integrity": "sha512-49KAdNhvkRWyJ/jHE4dOoXuYB9PDA01rPjWLmrmklsB3cl401Tm7tEvBd7sYrDy99fzeFUQt0qyDKLxW1hH0Hg=="
    }
  }
}
